// !$*UTF8*$!
{
	archiveVersion = 1;
	classes = {
	};
	objectVersion = 50;
	objects = {

/* Begin PBXBuildFile section */
		4D9D43112246B470001459FB /* AppDelegate.swift in Sources */ = {isa = PBXBuildFile; fileRef = 4D9D43102246B470001459FB /* AppDelegate.swift */; };
		4D9D43132246B470001459FB /* ViewController.swift in Sources */ = {isa = PBXBuildFile; fileRef = 4D9D43122246B470001459FB /* ViewController.swift */; };
		4D9D43162246B470001459FB /* Main.storyboard in Resources */ = {isa = PBXBuildFile; fileRef = 4D9D43142246B470001459FB /* Main.storyboard */; };
		4D9D43182246B473001459FB /* Assets.xcassets in Resources */ = {isa = PBXBuildFile; fileRef = 4D9D43172246B473001459FB /* Assets.xcassets */; };
		4D9D431B2246B473001459FB /* LaunchScreen.storyboard in Resources */ = {isa = PBXBuildFile; fileRef = 4D9D43192246B473001459FB /* LaunchScreen.storyboard */; };
		4D9D43262246B473001459FB /* BeepBeepTests.swift in Sources */ = {isa = PBXBuildFile; fileRef = 4D9D43252246B473001459FB /* BeepBeepTests.swift */; };
		4D9D43312246B473001459FB /* BeepBeepUITests.swift in Sources */ = {isa = PBXBuildFile; fileRef = 4D9D43302246B473001459FB /* BeepBeepUITests.swift */; };
		4D9D43412246C47C001459FB /* BeepBeep in Resources */ = {isa = PBXBuildFile; fileRef = 4D9D43402246C47C001459FB /* BeepBeep */; };
/* End PBXBuildFile section */

/* Begin PBXContainerItemProxy section */
		4D9D43222246B473001459FB /* PBXContainerItemProxy */ = {
			isa = PBXContainerItemProxy;
			containerPortal = 4D9D43052246B470001459FB /* Project object */;
			proxyType = 1;
			remoteGlobalIDString = 4D9D430C2246B470001459FB;
			remoteInfo = BeepBeep;
		};
		4D9D432D2246B473001459FB /* PBXContainerItemProxy */ = {
			isa = PBXContainerItemProxy;
			containerPortal = 4D9D43052246B470001459FB /* Project object */;
			proxyType = 1;
			remoteGlobalIDString = 4D9D430C2246B470001459FB;
			remoteInfo = BeepBeep;
		};
/* End PBXContainerItemProxy section */

/* Begin PBXFileReference section */
		4D9D430D2246B470001459FB /* BeepBeep.app */ = {isa = PBXFileReference; explicitFileType = wrapper.application; includeInIndex = 0; path = BeepBeep.app; sourceTree = BUILT_PRODUCTS_DIR; };
		4D9D43102246B470001459FB /* AppDelegate.swift */ = {isa = PBXFileReference; lastKnownFileType = sourcecode.swift; path = AppDelegate.swift; sourceTree = "<group>"; };
		4D9D43122246B470001459FB /* ViewController.swift */ = {isa = PBXFileReference; lastKnownFileType = sourcecode.swift; path = ViewController.swift; sourceTree = "<group>"; };
		4D9D43152246B470001459FB /* Base */ = {isa = PBXFileReference; lastKnownFileType = file.storyboard; name = Base; path = Base.lproj/Main.storyboard; sourceTree = "<group>"; };
		4D9D43172246B473001459FB /* Assets.xcassets */ = {isa = PBXFileReference; lastKnownFileType = folder.assetcatalog; path = Assets.xcassets; sourceTree = "<group>"; };
		4D9D431A2246B473001459FB /* Base */ = {isa = PBXFileReference; lastKnownFileType = file.storyboard; name = Base; path = Base.lproj/LaunchScreen.storyboard; sourceTree = "<group>"; };
		4D9D431C2246B473001459FB /* Info.plist */ = {isa = PBXFileReference; lastKnownFileType = text.plist.xml; path = Info.plist; sourceTree = "<group>"; };
		4D9D43212246B473001459FB /* BeepBeepTests.xctest */ = {isa = PBXFileReference; explicitFileType = wrapper.cfbundle; includeInIndex = 0; path = BeepBeepTests.xctest; sourceTree = BUILT_PRODUCTS_DIR; };
		4D9D43252246B473001459FB /* BeepBeepTests.swift */ = {isa = PBXFileReference; lastKnownFileType = sourcecode.swift; path = BeepBeepTests.swift; sourceTree = "<group>"; };
		4D9D43272246B473001459FB /* Info.plist */ = {isa = PBXFileReference; lastKnownFileType = text.plist.xml; path = Info.plist; sourceTree = "<group>"; };
		4D9D432C2246B473001459FB /* BeepBeepUITests.xctest */ = {isa = PBXFileReference; explicitFileType = wrapper.cfbundle; includeInIndex = 0; path = BeepBeepUITests.xctest; sourceTree = BUILT_PRODUCTS_DIR; };
		4D9D43302246B473001459FB /* BeepBeepUITests.swift */ = {isa = PBXFileReference; lastKnownFileType = sourcecode.swift; path = BeepBeepUITests.swift; sourceTree = "<group>"; };
		4D9D43322246B473001459FB /* Info.plist */ = {isa = PBXFileReference; lastKnownFileType = text.plist.xml; path = Info.plist; sourceTree = "<group>"; };
		4D9D43402246C47C001459FB /* BeepBeep */ = {isa = PBXFileReference; lastKnownFileType = folder; name = BeepBeep; sourceTree = "<group>"; };
/* End PBXFileReference section */

/* Begin PBXFrameworksBuildPhase section */
		4D9D430A2246B470001459FB /* Frameworks */ = {
			isa = PBXFrameworksBuildPhase;
			buildActionMask = 2147483647;
			files = (
			);
			runOnlyForDeploymentPostprocessing = 0;
		};
		4D9D431E2246B473001459FB /* Frameworks */ = {
			isa = PBXFrameworksBuildPhase;
			buildActionMask = 2147483647;
			files = (
			);
			runOnlyForDeploymentPostprocessing = 0;
		};
		4D9D43292246B473001459FB /* Frameworks */ = {
			isa = PBXFrameworksBuildPhase;
			buildActionMask = 2147483647;
			files = (
			);
			runOnlyForDeploymentPostprocessing = 0;
		};
/* End PBXFrameworksBuildPhase section */

/* Begin PBXGroup section */
		4D9D43042246B470001459FB = {
			isa = PBXGroup;
			children = (
				4D9D430F2246B470001459FB /* BeepBeep */,
				4D9D43242246B473001459FB /* BeepBeepTests */,
				4D9D432F2246B473001459FB /* BeepBeepUITests */,
				4D9D430E2246B470001459FB /* Products */,
			);
			sourceTree = "<group>";
		};
		4D9D430E2246B470001459FB /* Products */ = {
			isa = PBXGroup;
			children = (
				4D9D430D2246B470001459FB /* BeepBeep.app */,
				4D9D43212246B473001459FB /* BeepBeepTests.xctest */,
				4D9D432C2246B473001459FB /* BeepBeepUITests.xctest */,
			);
			name = Products;
			sourceTree = "<group>";
		};
		4D9D430F2246B470001459FB /* BeepBeep */ = {
			isa = PBXGroup;
			children = (
				4D9D43102246B470001459FB /* AppDelegate.swift */,
				4D9D43122246B470001459FB /* ViewController.swift */,
				4D9D43142246B470001459FB /* Main.storyboard */,
				4D9D43402246C47C001459FB /* BeepBeep */,
				4D9D43172246B473001459FB /* Assets.xcassets */,
				4D9D43192246B473001459FB /* LaunchScreen.storyboard */,
				4D9D431C2246B473001459FB /* Info.plist */,
			);
			path = BeepBeep;
			sourceTree = "<group>";
		};
		4D9D43242246B473001459FB /* BeepBeepTests */ = {
			isa = PBXGroup;
			children = (
				4D9D43252246B473001459FB /* BeepBeepTests.swift */,
				4D9D43272246B473001459FB /* Info.plist */,
			);
			path = BeepBeepTests;
			sourceTree = "<group>";
		};
		4D9D432F2246B473001459FB /* BeepBeepUITests */ = {
			isa = PBXGroup;
			children = (
				4D9D43302246B473001459FB /* BeepBeepUITests.swift */,
				4D9D43322246B473001459FB /* Info.plist */,
			);
			path = BeepBeepUITests;
			sourceTree = "<group>";
		};
/* End PBXGroup section */

/* Begin PBXNativeTarget section */
		4D9D430C2246B470001459FB /* BeepBeep */ = {
			isa = PBXNativeTarget;
			buildConfigurationList = 4D9D43352246B473001459FB /* Build configuration list for PBXNativeTarget "BeepBeep" */;
			buildPhases = (
				4D9D43092246B470001459FB /* Sources */,
				4D9D430A2246B470001459FB /* Frameworks */,
				4D9D430B2246B470001459FB /* Resources */,
			);
			buildRules = (
			);
			dependencies = (
			);
			name = BeepBeep;
			productName = BeepBeep;
			productReference = 4D9D430D2246B470001459FB /* BeepBeep.app */;
			productType = "com.apple.product-type.application";
		};
		4D9D43202246B473001459FB /* BeepBeepTests */ = {
			isa = PBXNativeTarget;
			buildConfigurationList = 4D9D43382246B473001459FB /* Build configuration list for PBXNativeTarget "BeepBeepTests" */;
			buildPhases = (
				4D9D431D2246B473001459FB /* Sources */,
				4D9D431E2246B473001459FB /* Frameworks */,
				4D9D431F2246B473001459FB /* Resources */,
			);
			buildRules = (
			);
			dependencies = (
				4D9D43232246B473001459FB /* PBXTargetDependency */,
			);
			name = BeepBeepTests;
			productName = BeepBeepTests;
			productReference = 4D9D43212246B473001459FB /* BeepBeepTests.xctest */;
			productType = "com.apple.product-type.bundle.unit-test";
		};
		4D9D432B2246B473001459FB /* BeepBeepUITests */ = {
			isa = PBXNativeTarget;
			buildConfigurationList = 4D9D433B2246B473001459FB /* Build configuration list for PBXNativeTarget "BeepBeepUITests" */;
			buildPhases = (
				4D9D43282246B473001459FB /* Sources */,
				4D9D43292246B473001459FB /* Frameworks */,
				4D9D432A2246B473001459FB /* Resources */,
			);
			buildRules = (
			);
			dependencies = (
				4D9D432E2246B473001459FB /* PBXTargetDependency */,
			);
			name = BeepBeepUITests;
			productName = BeepBeepUITests;
			productReference = 4D9D432C2246B473001459FB /* BeepBeepUITests.xctest */;
			productType = "com.apple.product-type.bundle.ui-testing";
		};
/* End PBXNativeTarget section */

/* Begin PBXProject section */
		4D9D43052246B470001459FB /* Project object */ = {
			isa = PBXProject;
			attributes = {
				LastSwiftUpdateCheck = 1010;
				LastUpgradeCheck = 1010;
				ORGANIZATIONNAME = "Daniele Mendez";
				TargetAttributes = {
					4D9D430C2246B470001459FB = {
						CreatedOnToolsVersion = 10.1;
					};
					4D9D43202246B473001459FB = {
						CreatedOnToolsVersion = 10.1;
						TestTargetID = 4D9D430C2246B470001459FB;
					};
					4D9D432B2246B473001459FB = {
						CreatedOnToolsVersion = 10.1;
						TestTargetID = 4D9D430C2246B470001459FB;
					};
				};
			};
			buildConfigurationList = 4D9D43082246B470001459FB /* Build configuration list for PBXProject "BeepBeep" */;
			compatibilityVersion = "Xcode 9.3";
			developmentRegion = en;
			hasScannedForEncodings = 0;
			knownRegions = (
				en,
				Base,
			);
			mainGroup = 4D9D43042246B470001459FB;
			productRefGroup = 4D9D430E2246B470001459FB /* Products */;
			projectDirPath = "";
			projectRoot = "";
			targets = (
				4D9D430C2246B470001459FB /* BeepBeep */,
				4D9D43202246B473001459FB /* BeepBeepTests */,
				4D9D432B2246B473001459FB /* BeepBeepUITests */,
			);
		};
/* End PBXProject section */

/* Begin PBXResourcesBuildPhase section */
		4D9D430B2246B470001459FB /* Resources */ = {
			isa = PBXResourcesBuildPhase;
			buildActionMask = 2147483647;
			files = (
				4D9D431B2246B473001459FB /* LaunchScreen.storyboard in Resources */,
				4D9D43412246C47C001459FB /* BeepBeep in Resources */,
				4D9D43182246B473001459FB /* Assets.xcassets in Resources */,
				4D9D43162246B470001459FB /* Main.storyboard in Resources */,
			);
			runOnlyForDeploymentPostprocessing = 0;
		};
		4D9D431F2246B473001459FB /* Resources */ = {
			isa = PBXResourcesBuildPhase;
			buildActionMask = 2147483647;
			files = (
			);
			runOnlyForDeploymentPostprocessing = 0;
		};
		4D9D432A2246B473001459FB /* Resources */ = {
			isa = PBXResourcesBuildPhase;
			buildActionMask = 2147483647;
			files = (
			);
			runOnlyForDeploymentPostprocessing = 0;
		};
/* End PBXResourcesBuildPhase section */

/* Begin PBXSourcesBuildPhase section */
		4D9D43092246B470001459FB /* Sources */ = {
			isa = PBXSourcesBuildPhase;
			buildActionMask = 2147483647;
			files = (
				4D9D43132246B470001459FB /* ViewController.swift in Sources */,
				4D9D43112246B470001459FB /* AppDelegate.swift in Sources */,
			);
			runOnlyForDeploymentPostprocessing = 0;
		};
		4D9D431D2246B473001459FB /* Sources */ = {
			isa = PBXSourcesBuildPhase;
			buildActionMask = 2147483647;
			files = (
				4D9D43262246B473001459FB /* BeepBeepTests.swift in Sources */,
			);
			runOnlyForDeploymentPostprocessing = 0;
		};
		4D9D43282246B473001459FB /* Sources */ = {
			isa = PBXSourcesBuildPhase;
			buildActionMask = 2147483647;
			files = (
				4D9D43312246B473001459FB /* BeepBeepUITests.swift in Sources */,
			);
			runOnlyForDeploymentPostprocessing = 0;
		};
/* End PBXSourcesBuildPhase section */

/* Begin PBXTargetDependency section */
		4D9D43232246B473001459FB /* PBXTargetDependency */ = {
			isa = PBXTargetDependency;
			target = 4D9D430C2246B470001459FB /* BeepBeep */;
			targetProxy = 4D9D43222246B473001459FB /* PBXContainerItemProxy */;
		};
		4D9D432E2246B473001459FB /* PBXTargetDependency */ = {
			isa = PBXTargetDependency;
			target = 4D9D430C2246B470001459FB /* BeepBeep */;
			targetProxy = 4D9D432D2246B473001459FB /* PBXContainerItemProxy */;
		};
/* End PBXTargetDependency section */

/* Begin PBXVariantGroup section */
		4D9D43142246B470001459FB /* Main.storyboard */ = {
			isa = PBXVariantGroup;
			children = (
				4D9D43152246B470001459FB /* Base */,
			);
			name = Main.storyboard;
			sourceTree = "<group>";
		};
		4D9D43192246B473001459FB /* LaunchScreen.storyboard */ = {
			isa = PBXVariantGroup;
			children = (
				4D9D431A2246B473001459FB /* Base */,
			);
			name = LaunchScreen.storyboard;
			sourceTree = "<group>";
		};
/* End PBXVariantGroup section */

/* Begin XCBuildConfiguration section */
		4D9D43332246B473001459FB /* Debug */ = {
			isa = XCBuildConfiguration;
			buildSettings = {
				ALWAYS_SEARCH_USER_PATHS = NO;
				CLANG_ANALYZER_NONNULL = YES;
				CLANG_ANALYZER_NUMBER_OBJECT_CONVERSION = YES_AGGRESSIVE;
				CLANG_CXX_LANGUAGE_STANDARD = "gnu++14";
				CLANG_CXX_LIBRARY = "libc++";
				CLANG_ENABLE_MODULES = YES;
				CLANG_ENABLE_OBJC_ARC = YES;
				CLANG_ENABLE_OBJC_WEAK = YES;
				CLANG_WARN_BLOCK_CAPTURE_AUTORELEASING = YES;
				CLANG_WARN_BOOL_CONVERSION = YES;
				CLANG_WARN_COMMA = YES;
				CLANG_WARN_CONSTANT_CONVERSION = YES;
				CLANG_WARN_DEPRECATED_OBJC_IMPLEMENTATIONS = YES;
				CLANG_WARN_DIRECT_OBJC_ISA_USAGE = YES_ERROR;
				CLANG_WARN_DOCUMENTATION_COMMENTS = YES;
				CLANG_WARN_EMPTY_BODY = YES;
				CLANG_WARN_ENUM_CONVERSION = YES;
				CLANG_WARN_INFINITE_RECURSION = YES;
				CLANG_WARN_INT_CONVERSION = YES;
				CLANG_WARN_NON_LITERAL_NULL_CONVERSION = YES;
				CLANG_WARN_OBJC_IMPLICIT_RETAIN_SELF = YES;
				CLANG_WARN_OBJC_LITERAL_CONVERSION = YES;
				CLANG_WARN_OBJC_ROOT_CLASS = YES_ERROR;
				CLANG_WARN_RANGE_LOOP_ANALYSIS = YES;
				CLANG_WARN_STRICT_PROTOTYPES = YES;
				CLANG_WARN_SUSPICIOUS_MOVE = YES;
				CLANG_WARN_UNGUARDED_AVAILABILITY = YES_AGGRESSIVE;
				CLANG_WARN_UNREACHABLE_CODE = YES;
				CLANG_WARN__DUPLICATE_METHOD_MATCH = YES;
				CODE_SIGN_IDENTITY = "iPhone Developer";
				COPY_PHASE_STRIP = NO;
				DEBUG_INFORMATION_FORMAT = dwarf;
				ENABLE_STRICT_OBJC_MSGSEND = YES;
				ENABLE_TESTABILITY = YES;
				GCC_C_LANGUAGE_STANDARD = gnu11;
				GCC_DYNAMIC_NO_PIC = NO;
				GCC_NO_COMMON_BLOCKS = YES;
				GCC_OPTIMIZATION_LEVEL = 0;
				GCC_PREPROCESSOR_DEFINITIONS = (
					"DEBUG=1",
					"$(inherited)",
				);
				GCC_WARN_64_TO_32_BIT_CONVERSION = YES;
				GCC_WARN_ABOUT_RETURN_TYPE = YES_ERROR;
				GCC_WARN_UNDECLARED_SELECTOR = YES;
				GCC_WARN_UNINITIALIZED_AUTOS = YES_AGGRESSIVE;
				GCC_WARN_UNUSED_FUNCTION = YES;
				GCC_WARN_UNUSED_VARIABLE = YES;
				IPHONEOS_DEPLOYMENT_TARGET = 12.1;
				MTL_ENABLE_DEBUG_INFO = INCLUDE_SOURCE;
				MTL_FAST_MATH = YES;
				ONLY_ACTIVE_ARCH = YES;
				SDKROOT = iphoneos;
				SWIFT_ACTIVE_COMPILATION_CONDITIONS = DEBUG;
				SWIFT_OPTIMIZATION_LEVEL = "-Onone";
			};
			name = Debug;
		};
		4D9D43342246B473001459FB /* Release */ = {
			isa = XCBuildConfiguration;
			buildSettings = {
				ALWAYS_SEARCH_USER_PATHS = NO;
				CLANG_ANALYZER_NONNULL = YES;
				CLANG_ANALYZER_NUMBER_OBJECT_CONVERSION = YES_AGGRESSIVE;
				CLANG_CXX_LANGUAGE_STANDARD = "gnu++14";
				CLANG_CXX_LIBRARY = "libc++";
				CLANG_ENABLE_MODULES = YES;
				CLANG_ENABLE_OBJC_ARC = YES;
				CLANG_ENABLE_OBJC_WEAK = YES;
				CLANG_WARN_BLOCK_CAPTURE_AUTORELEASING = YES;
				CLANG_WARN_BOOL_CONVERSION = YES;
				CLANG_WARN_COMMA = YES;
				CLANG_WARN_CONSTANT_CONVERSION = YES;
				CLANG_WARN_DEPRECATED_OBJC_IMPLEMENTATIONS = YES;
				CLANG_WARN_DIRECT_OBJC_ISA_USAGE = YES_ERROR;
				CLANG_WARN_DOCUMENTATION_COMMENTS = YES;
				CLANG_WARN_EMPTY_BODY = YES;
				CLANG_WARN_ENUM_CONVERSION = YES;
				CLANG_WARN_INFINITE_RECURSION = YES;
				CLANG_WARN_INT_CONVERSION = YES;
				CLANG_WARN_NON_LITERAL_NULL_CONVERSION = YES;
				CLANG_WARN_OBJC_IMPLICIT_RETAIN_SELF = YES;
				CLANG_WARN_OBJC_LITERAL_CONVERSION = YES;
				CLANG_WARN_OBJC_ROOT_CLASS = YES_ERROR;
				CLANG_WARN_RANGE_LOOP_ANALYSIS = YES;
				CLANG_WARN_STRICT_PROTOTYPES = YES;
				CLANG_WARN_SUSPICIOUS_MOVE = YES;
				CLANG_WARN_UNGUARDED_AVAILABILITY = YES_AGGRESSIVE;
				CLANG_WARN_UNREACHABLE_CODE = YES;
				CLANG_WARN__DUPLICATE_METHOD_MATCH = YES;
				CODE_SIGN_IDENTITY = "iPhone Developer";
				COPY_PHASE_STRIP = NO;
				DEBUG_INFORMATION_FORMAT = "dwarf-with-dsym";
				ENABLE_NS_ASSERTIONS = NO;
				ENABLE_STRICT_OBJC_MSGSEND = YES;
				GCC_C_LANGUAGE_STANDARD = gnu11;
				GCC_NO_COMMON_BLOCKS = YES;
				GCC_WARN_64_TO_32_BIT_CONVERSION = YES;
				GCC_WARN_ABOUT_RETURN_TYPE = YES_ERROR;
				GCC_WARN_UNDECLARED_SELECTOR = YES;
				GCC_WARN_UNINITIALIZED_AUTOS = YES_AGGRESSIVE;
				GCC_WARN_UNUSED_FUNCTION = YES;
				GCC_WARN_UNUSED_VARIABLE = YES;
				IPHONEOS_DEPLOYMENT_TARGET = 12.1;
				MTL_ENABLE_DEBUG_INFO = NO;
				MTL_FAST_MATH = YES;
				SDKROOT = iphoneos;
				SWIFT_COMPILATION_MODE = wholemodule;
				SWIFT_OPTIMIZATION_LEVEL = "-O";
				VALIDATE_PRODUCT = YES;
			};
			name = Release;
		};
		4D9D43362246B473001459FB /* Debug */ = {
			isa = XCBuildConfiguration;
			buildSettings = {
				ASSETCATALOG_COMPILER_APPICON_NAME = AppIcon;
				CODE_SIGN_STYLE = Automatic;
				DEVELOPMENT_TEAM = WJKTNS8XL9;
				INFOPLIST_FILE = BeepBeep/Info.plist;
				LD_RUNPATH_SEARCH_PATHS = (
					"$(inherited)",
					"@executable_path/Frameworks",
				);
				PRODUCT_BUNDLE_IDENTIFIER = Hackabull.BeepBeep;
				PRODUCT_NAME = "$(TARGET_NAME)";
				SWIFT_VERSION = 4.2;
				TARGETED_DEVICE_FAMILY = "1,2";
			};
			name = Debug;
		};
		4D9D43372246B473001459FB /* Release */ = {
			isa = XCBuildConfiguration;
			buildSettings = {
				ASSETCATALOG_COMPILER_APPICON_NAME = AppIcon;
				CODE_SIGN_STYLE = Automatic;
				DEVELOPMENT_TEAM = WJKTNS8XL9;
				INFOPLIST_FILE = BeepBeep/Info.plist;
				LD_RUNPATH_SEARCH_PATHS = (
					"$(inherited)",
					"@executable_path/Frameworks",
				);
				PRODUCT_BUNDLE_IDENTIFIER = Hackabull.BeepBeep;
				PRODUCT_NAME = "$(TARGET_NAME)";
				SWIFT_VERSION = 4.2;
				TARGETED_DEVICE_FAMILY = "1,2";
			};
			name = Release;
		};
		4D9D43392246B473001459FB /* Debug */ = {
			isa = XCBuildConfiguration;
			buildSettings = {
				ALWAYS_EMBED_SWIFT_STANDARD_LIBRARIES = YES;
				BUNDLE_LOADER = "$(TEST_HOST)";
				CODE_SIGN_STYLE = Automatic;
				DEVELOPMENT_TEAM = WJKTNS8XL9;
				INFOPLIST_FILE = BeepBeepTests/Info.plist;
				LD_RUNPATH_SEARCH_PATHS = (
					"$(inherited)",
					"@executable_path/Frameworks",
					"@loader_path/Frameworks",
				);
				PRODUCT_BUNDLE_IDENTIFIER = Hackabull.BeepBeepTests;
				PRODUCT_NAME = "$(TARGET_NAME)";
				SWIFT_VERSION = 4.2;
				TARGETED_DEVICE_FAMILY = "1,2";
				TEST_HOST = "$(BUILT_PRODUCTS_DIR)/BeepBeep.app/BeepBeep";
			};
			name = Debug;
		};
		4D9D433A2246B473001459FB /* Release */ = {
			isa = XCBuildConfiguration;
			buildSettings = {
				ALWAYS_EMBED_SWIFT_STANDARD_LIBRARIES = YES;
				BUNDLE_LOADER = "$(TEST_HOST)";
				CODE_SIGN_STYLE = Automatic;
				DEVELOPMENT_TEAM = WJKTNS8XL9;
				INFOPLIST_FILE = BeepBeepTests/Info.plist;
				LD_RUNPATH_SEARCH_PATHS = (
					"$(inherited)",
					"@executable_path/Frameworks",
					"@loader_path/Frameworks",
				);
				PRODUCT_BUNDLE_IDENTIFIER = Hackabull.BeepBeepTests;
				PRODUCT_NAME = "$(TARGET_NAME)";
				SWIFT_VERSION = 4.2;
				TARGETED_DEVICE_FAMILY = "1,2";
				TEST_HOST = "$(BUILT_PRODUCTS_DIR)/BeepBeep.app/BeepBeep";
			};
			name = Release;
		};
		4D9D433C2246B473001459FB /* Debug */ = {
			isa = XCBuildConfiguration;
			buildSettings = {
				ALWAYS_EMBED_SWIFT_STANDARD_LIBRARIES = YES;
				CODE_SIGN_STYLE = Automatic;
				DEVELOPMENT_TEAM = WJKTNS8XL9;
				INFOPLIST_FILE = BeepBeepUITests/Info.plist;
				LD_RUNPATH_SEARCH_PATHS = (
					"$(inherited)",
					"@executable_path/Frameworks",
					"@loader_path/Frameworks",
				);
				PRODUCT_BUNDLE_IDENTIFIER = Hackabull.BeepBeepUITests;
				PRODUCT_NAME = "$(TARGET_NAME)";
				SWIFT_VERSION = 4.2;
				TARGETED_DEVICE_FAMILY = "1,2";
				TEST_TARGET_NAME = BeepBeep;
			};
			name = Debug;
		};
		4D9D433D2246B473001459FB /* Release */ = {
			isa = XCBuildConfiguration;
			buildSettings = {
				ALWAYS_EMBED_SWIFT_STANDARD_LIBRARIES = YES;
				CODE_SIGN_STYLE = Automatic;
				DEVELOPMENT_TEAM = WJKTNS8XL9;
				INFOPLIST_FILE = BeepBeepUITests/Info.plist;
				LD_RUNPATH_SEARCH_PATHS = (
					"$(inherited)",
					"@executable_path/Frameworks",
					"@loader_path/Frameworks",
				);
				PRODUCT_BUNDLE_IDENTIFIER = Hackabull.BeepBeepUITests;
				PRODUCT_NAME = "$(TARGET_NAME)";
				SWIFT_VERSION = 4.2;
				TARGETED_DEVICE_FAMILY = "1,2";
				TEST_TARGET_NAME = BeepBeep;
			};
			name = Release;
		};
/* End XCBuildConfiguration section */

/* Begin XCConfigurationList section */
		4D9D43082246B470001459FB /* Build configuration list for PBXProject "BeepBeep" */ = {
			isa = XCConfigurationList;
			buildConfigurations = (
				4D9D43332246B473001459FB /* Debug */,
				4D9D43342246B473001459FB /* Release */,
			);
			defaultConfigurationIsVisible = 0;
			defaultConfigurationName = Release;
		};
		4D9D43352246B473001459FB /* Build configuration list for PBXNativeTarget "BeepBeep" */ = {
			isa = XCConfigurationList;
			buildConfigurations = (
				4D9D43362246B473001459FB /* Debug */,
				4D9D43372246B473001459FB /* Release */,
			);
			defaultConfigurationIsVisible = 0;
			defaultConfigurationName = Release;
		};
		4D9D43382246B473001459FB /* Build configuration list for PBXNativeTarget "BeepBeepTests" */ = {
			isa = XCConfigurationList;
			buildConfigurations = (
				4D9D43392246B473001459FB /* Debug */,
				4D9D433A2246B473001459FB /* Release */,
			);
			defaultConfigurationIsVisible = 0;
			defaultConfigurationName = Release;
		};
		4D9D433B2246B473001459FB /* Build configuration list for PBXNativeTarget "BeepBeepUITests" */ = {
			isa = XCConfigurationList;
			buildConfigurations = (
				4D9D433C2246B473001459FB /* Debug */,
				4D9D433D2246B473001459FB /* Release */,
			);
			defaultConfigurationIsVisible = 0;
			defaultConfigurationName = Release;
		};
/* End XCConfigurationList section */
	};
	rootObject = 4D9D43052246B470001459FB /* Project object */;
}
